
Microsoft Visual Studio Solution File, Format Version 12.00
# Visual Studio Version 17
VisualStudioVersion = 17.13.35931.197 d17.13
MinimumVisualStudioVersion = 10.0.40219.1
Project("{FAE04EC0-301F-11D3-BF4B-00C04F79EFBC}") = "Cousework 1551", "Cousework 1551\Cousework 1551.csproj", "{3097BB24-0A48-4869-9CC5-4F2C12043B8E}"
EndProject
Global
	GlobalSection(SolutionConfigurationPlatforms) = preSolution
		Debug|Any CPU = Debug|Any CPU
		Release|Any CPU = Release|Any CPU
	EndGlobalSection
	GlobalSection(ProjectConfigurationPlatforms) = postSolution
		{3097BB24-0A48-4869-9CC5-4F2C12043B8E}.Debug|Any CPU.ActiveCfg = Debug|Any CPU
		{3097BB24-0A48-4869-9CC5-4F2C12043B8E}.Debug|Any CPU.Build.0 = Debug|Any CPU
		{3097BB24-0A48-4869-9CC5-4F2C12043B8E}.Release|Any CPU.ActiveCfg = Release|Any CPU
		{3097BB24-0A48-4869-9CC5-4F2C12043B8E}.Release|Any CPU.Build.0 = Release|Any CPU
	EndGlobalSection
	GlobalSection(SolutionProperties) = preSolution
		HideSolutionNode = FALSE
	EndGlobalSection
	GlobalSection(ExtensibilityGlobals) = postSolution
		SolutionGuid = {CB89BF8D-B12A-43D3-AF29-D9A2DDDA498F}
	EndGlobalSection
EndGlobal
